
Microsoft Visual Studio Solution File, Format Version 12.00
# Visual Studio Version 16
VisualStudioVersion = 16.0.29519.181
MinimumVisualStudioVersion = 10.0.40219.1
Project("{FAE04EC0-301F-11D3-BF4B-00C04F79EFBC}") = "AngularTraining", "AngularTraining\AngularTraining.csproj", "{1980F86E-E3B4-4B8A-AE9B-8E6D392B9C66}"
EndProject
Global
	GlobalSection(SolutionConfigurationPlatforms) = preSolution
		Debug|Any CPU = Debug|Any CPU
		Release|Any CPU = Release|Any CPU
	EndGlobalSection
	GlobalSection(ProjectConfigurationPlatforms) = postSolution
		{1980F86E-E3B4-4B8A-AE9B-8E6D392B9C66}.Debug|Any CPU.ActiveCfg = Debug|Any CPU
		{1980F86E-E3B4-4B8A-AE9B-8E6D392B9C66}.Debug|Any CPU.Build.0 = Debug|Any CPU
		{1980F86E-E3B4-4B8A-AE9B-8E6D392B9C66}.Release|Any CPU.ActiveCfg = Release|Any CPU
		{1980F86E-E3B4-4B8A-AE9B-8E6D392B9C66}.Release|Any CPU.Build.0 = Release|Any CPU
	EndGlobalSection
	GlobalSection(SolutionProperties) = preSolution
		HideSolutionNode = FALSE
	EndGlobalSection
	GlobalSection(ExtensibilityGlobals) = postSolution
		SolutionGuid = {A85EF9D1-CC5E-451D-AC61-EE38DCB69E56}
	EndGlobalSection
EndGlobal
